
Microsoft Visual Studio Solution File, Format Version 12.00
# Visual Studio Version 16
VisualStudioVersion = 16.0.30320.27
MinimumVisualStudioVersion = 10.0.40219.1
Project("{FAE04EC0-301F-11D3-BF4B-00C04F79EFBC}") = "MiniCarSales", "MiniCarSales\MiniCarSales.csproj", "{46C57560-ACEC-48E8-AB27-E22A3C8D6F7C}"
EndProject
Global
	GlobalSection(SolutionConfigurationPlatforms) = preSolution
		Debug|Any CPU = Debug|Any CPU
		Release|Any CPU = Release|Any CPU
	EndGlobalSection
	GlobalSection(ProjectConfigurationPlatforms) = postSolution
		{46C57560-ACEC-48E8-AB27-E22A3C8D6F7C}.Debug|Any CPU.ActiveCfg = Debug|Any CPU
		{46C57560-ACEC-48E8-AB27-E22A3C8D6F7C}.Debug|Any CPU.Build.0 = Debug|Any CPU
		{46C57560-ACEC-48E8-AB27-E22A3C8D6F7C}.Release|Any CPU.ActiveCfg = Release|Any CPU
		{46C57560-ACEC-48E8-AB27-E22A3C8D6F7C}.Release|Any CPU.Build.0 = Release|Any CPU
	EndGlobalSection
	GlobalSection(SolutionProperties) = preSolution
		HideSolutionNode = FALSE
	EndGlobalSection
	GlobalSection(ExtensibilityGlobals) = postSolution
		SolutionGuid = {ED6ABD8D-1878-4D51-98AE-7E5E41D37C24}
	EndGlobalSection
EndGlobal
